
Microsoft Visual Studio Solution File, Format Version 12.00
# Visual Studio Version 17
VisualStudioVersion = 17.14.37516.0 d17.14
MinimumVisualStudioVersion = 10.0.40219.1
Project("{FAE04EC0-301F-11D3-BF4B-00C04F79EFBC}") = "HelloCS", "HelloCS\HelloCS.csproj", "{7034DCEB-0A9D-4662-9D58-182772CC7D17}"
EndProject
Project("{FAE04EC0-301F-11D3-BF4B-00C04F79EFBC}") = "AboutMyEnvironment", "AboutMyEnvironment\AboutMyEnvironment.csproj", "{1AA4BE76-5A5A-4FF8-96BB-E59495CDF098}"
EndProject
Global
	GlobalSection(SolutionConfigurationPlatforms) = preSolution
		Debug|Any CPU = Debug|Any CPU
		Release|Any CPU = Release|Any CPU
	EndGlobalSection
	GlobalSection(ProjectConfigurationPlatforms) = postSolution
		{7034DCEB-0A9D-4662-9D58-182772CC7D17}.Debug|Any CPU.ActiveCfg = Debug|Any CPU
		{7034DCEB-0A9D-4662-9D58-182772CC7D17}.Debug|Any CPU.Build.0 = Debug|Any CPU
		{7034DCEB-0A9D-4662-9D58-182772CC7D17}.Release|Any CPU.ActiveCfg = Release|Any CPU
		{7034DCEB-0A9D-4662-9D58-182772CC7D17}.Release|Any CPU.Build.0 = Release|Any CPU
		{1AA4BE76-5A5A-4FF8-96BB-E59495CDF098}.Debug|Any CPU.ActiveCfg = Debug|Any CPU
		{1AA4BE76-5A5A-4FF8-96BB-E59495CDF098}.Debug|Any CPU.Build.0 = Debug|Any CPU
		{1AA4BE76-5A5A-4FF8-96BB-E59495CDF098}.Release|Any CPU.ActiveCfg = Release|Any CPU
		{1AA4BE76-5A5A-4FF8-96BB-E59495CDF098}.Release|Any CPU.Build.0 = Release|Any CPU
	EndGlobalSection
	GlobalSection(SolutionProperties) = preSolution
		HideSolutionNode = FALSE
	EndGlobalSection
	GlobalSection(ExtensibilityGlobals) = postSolution
		SolutionGuid = {D1F49768-19E6-4C85-8916-F96CDBC75D49}
	EndGlobalSection
EndGlobal
